// !$*UTF8*$!
{
	archiveVersion = 1;
	classes = {
	};
	objectVersion = 50;
	objects = {

/* Begin PBXBuildFile section */
		69DF5D3022B00FFB00575669 /* PlaySound.swift in Sources */ = {isa = PBXBuildFile; fileRef = 69DF5D2F22B00FFB00575669 /* PlaySound.swift */; };
		69DF5D3422B01C7800575669 /* Layout.swift in Sources */ = {isa = PBXBuildFile; fileRef = 69DF5D3322B01C7800575669 /* Layout.swift */; };
		6E54ACE122ABF3C100CB8ED7 /* UIView+Extension.swift in Sources */ = {isa = PBXBuildFile; fileRef = 6E54ACE022ABF3C100CB8ED7 /* UIView+Extension.swift */; };
		6E54ACE522ABF7ED00CB8ED7 /* InstagridImage.swift in Sources */ = {isa = PBXBuildFile; fileRef = 6E54ACE422ABF7ED00CB8ED7 /* InstagridImage.swift */; };
		6E5FBA4122731FB80032CE19 /* AppDelegate.swift in Sources */ = {isa = PBXBuildFile; fileRef = 6E5FBA4022731FB80032CE19 /* AppDelegate.swift */; };
		6E5FBA4B22731FB90032CE19 /* LaunchScreen.storyboard in Resources */ = {isa = PBXBuildFile; fileRef = 6E5FBA4922731FB90032CE19 /* LaunchScreen.storyboard */; };
		6E5FBA572273206E0032CE19 /* fonts in Resources */ = {isa = PBXBuildFile; fileRef = 6E5FBA562273206E0032CE19 /* fonts */; };
		6E5FBA5D227324350032CE19 /* Assets.xcassets in Resources */ = {isa = PBXBuildFile; fileRef = 6E5FBA5C227324350032CE19 /* Assets.xcassets */; };
		6E6382022292E60700B35F8D /* sf_souris_01.mp3 in Resources */ = {isa = PBXBuildFile; fileRef = 6E6382012292E60700B35F8D /* sf_souris_01.mp3 */; };
		6E6382062292EC0F00B35F8D /* ViewController.swift in Sources */ = {isa = PBXBuildFile; fileRef = 6E6382052292EC0F00B35F8D /* ViewController.swift */; };
		6EA176A322A5BB8E00E301BB /* PhotoCount.swift in Sources */ = {isa = PBXBuildFile; fileRef = 6EA176A222A5BB8E00E301BB /* PhotoCount.swift */; };
		6EA176A522A5BBA000E301BB /* ContainerView.swift in Sources */ = {isa = PBXBuildFile; fileRef = 6EA176A422A5BBA000E301BB /* ContainerView.swift */; };
		6EA176A922A5BDF700E301BB /* ImagePicker.swift in Sources */ = {isa = PBXBuildFile; fileRef = 6EA176A822A5BDF700E301BB /* ImagePicker.swift */; };
		6EB32824227C3E4D00F8396B /* Main.storyboard in Resources */ = {isa = PBXBuildFile; fileRef = 6E5FBA5A227322200032CE19 /* Main.storyboard */; };
		6EED6F5C22A6ABFA0036E9CA /* Default-568h@2x.png in Resources */ = {isa = PBXBuildFile; fileRef = 6EED6F5B22A6ABFA0036E9CA /* Default-568h@2x.png */; };
/* End PBXBuildFile section */

/* Begin PBXFileReference section */
		69DF5D2F22B00FFB00575669 /* PlaySound.swift */ = {isa = PBXFileReference; lastKnownFileType = sourcecode.swift; path = PlaySound.swift; sourceTree = "<group>"; };
		69DF5D3322B01C7800575669 /* Layout.swift */ = {isa = PBXFileReference; lastKnownFileType = sourcecode.swift; path = Layout.swift; sourceTree = "<group>"; };
		6E54ACE022ABF3C100CB8ED7 /* UIView+Extension.swift */ = {isa = PBXFileReference; lastKnownFileType = sourcecode.swift; path = "UIView+Extension.swift"; sourceTree = "<group>"; };
		6E54ACE422ABF7ED00CB8ED7 /* InstagridImage.swift */ = {isa = PBXFileReference; lastKnownFileType = sourcecode.swift; path = InstagridImage.swift; sourceTree = "<group>"; };
		6E5FBA3D22731FB80032CE19 /* Instagrid2.app */ = {isa = PBXFileReference; explicitFileType = wrapper.application; includeInIndex = 0; path = Instagrid2.app; sourceTree = BUILT_PRODUCTS_DIR; };
		6E5FBA4022731FB80032CE19 /* AppDelegate.swift */ = {isa = PBXFileReference; lastKnownFileType = sourcecode.swift; path = AppDelegate.swift; sourceTree = "<group>"; };
		6E5FBA4A22731FB90032CE19 /* Base */ = {isa = PBXFileReference; lastKnownFileType = file.storyboard; name = Base; path = Base.lproj/LaunchScreen.storyboard; sourceTree = "<group>"; };
		6E5FBA4C22731FB90032CE19 /* Info.plist */ = {isa = PBXFileReference; lastKnownFileType = text.plist.xml; path = Info.plist; sourceTree = "<group>"; };
		6E5FBA562273206E0032CE19 /* fonts */ = {isa = PBXFileReference; lastKnownFileType = folder; path = fonts; sourceTree = "<group>"; };
		6E5FBA5A227322200032CE19 /* Main.storyboard */ = {isa = PBXFileReference; lastKnownFileType = file.storyboard; path = Main.storyboard; sourceTree = "<group>"; };
		6E5FBA5C227324350032CE19 /* Assets.xcassets */ = {isa = PBXFileReference; lastKnownFileType = folder.assetcatalog; path = Assets.xcassets; sourceTree = "<group>"; };
		6E6382012292E60700B35F8D /* sf_souris_01.mp3 */ = {isa = PBXFileReference; lastKnownFileType = audio.mp3; path = sf_souris_01.mp3; sourceTree = "<group>"; };
		6E6382052292EC0F00B35F8D /* ViewController.swift */ = {isa = PBXFileReference; lastKnownFileType = sourcecode.swift; path = ViewController.swift; sourceTree = "<group>"; };
		6EA176A222A5BB8E00E301BB /* PhotoCount.swift */ = {isa = PBXFileReference; fileEncoding = 4; lastKnownFileType = sourcecode.swift; path = PhotoCount.swift; sourceTree = "<group>"; };
		6EA176A422A5BBA000E301BB /* ContainerView.swift */ = {isa = PBXFileReference; fileEncoding = 4; lastKnownFileType = sourcecode.swift; path = ContainerView.swift; sourceTree = "<group>"; };
		6EA176A822A5BDF700E301BB /* ImagePicker.swift */ = {isa = PBXFileReference; fileEncoding = 4; lastKnownFileType = sourcecode.swift; path = ImagePicker.swift; sourceTree = "<group>"; };
		6EED6F5B22A6ABFA0036E9CA /* Default-568h@2x.png */ = {isa = PBXFileReference; lastKnownFileType = image.png; path = "Default-568h@2x.png"; sourceTree = "<group>"; };
/* End PBXFileReference section */

/* Begin PBXFrameworksBuildPhase section */
		6E5FBA3A22731FB80032CE19 /* Frameworks */ = {
			isa = PBXFrameworksBuildPhase;
			buildActionMask = 2147483647;
			files = (
			);
			runOnlyForDeploymentPostprocessing = 0;
		};
/* End PBXFrameworksBuildPhase section */

/* Begin PBXGroup section */
		6E54ACDC22ABEA9100CB8ED7 /* Model */ = {
			isa = PBXGroup;
			children = (
				6EA176A222A5BB8E00E301BB /* PhotoCount.swift */,
			);
			path = Model;
			sourceTree = "<group>";
		};
		6E54ACDD22ABEAB600CB8ED7 /* Others */ = {
			isa = PBXGroup;
			children = (
				6EA176A822A5BDF700E301BB /* ImagePicker.swift */,
				6E54ACE022ABF3C100CB8ED7 /* UIView+Extension.swift */,
				6E54ACE422ABF7ED00CB8ED7 /* InstagridImage.swift */,
				69DF5D2F22B00FFB00575669 /* PlaySound.swift */,
				69DF5D3322B01C7800575669 /* Layout.swift */,
			);
			path = Others;
			sourceTree = "<group>";
		};
		6E5FBA3422731FB80032CE19 = {
			isa = PBXGroup;
			children = (
				6E5FBA3F22731FB80032CE19 /* Instagrid2 */,
				6E5FBA3E22731FB80032CE19 /* Products */,
			);
			sourceTree = "<group>";
		};
		6E5FBA3E22731FB80032CE19 /* Products */ = {
			isa = PBXGroup;
			children = (
				6E5FBA3D22731FB80032CE19 /* Instagrid2.app */,
			);
			name = Products;
			sourceTree = "<group>";
		};
		6E5FBA3F22731FB80032CE19 /* Instagrid2 */ = {
			isa = PBXGroup;
			children = (
				6E54ACDC22ABEA9100CB8ED7 /* Model */,
				6E7BCA4B22A6AA0400F74332 /* View */,
				6E7BCA4C22A6AA2700F74332 /* Controller */,
				6E54ACDD22ABEAB600CB8ED7 /* Others */,
				6EED6F5A22A6AB9C0036E9CA /* Supporting files */,
			);
			path = Instagrid2;
			sourceTree = "<group>";
		};
		6E6382042292E63300B35F8D /* sounds */ = {
			isa = PBXGroup;
			children = (
				6E6382012292E60700B35F8D /* sf_souris_01.mp3 */,
			);
			path = sounds;
			sourceTree = "<group>";
		};
		6E7BCA4B22A6AA0400F74332 /* View */ = {
			isa = PBXGroup;
			children = (
				6E5FBA5A227322200032CE19 /* Main.storyboard */,
				6EA176A422A5BBA000E301BB /* ContainerView.swift */,
			);
			path = View;
			sourceTree = "<group>";
		};
		6E7BCA4C22A6AA2700F74332 /* Controller */ = {
			isa = PBXGroup;
			children = (
				6E6382052292EC0F00B35F8D /* ViewController.swift */,
			);
			path = Controller;
			sourceTree = "<group>";
		};
		6EED6F5A22A6AB9C0036E9CA /* Supporting files */ = {
			isa = PBXGroup;
			children = (
				6E5FBA4022731FB80032CE19 /* AppDelegate.swift */,
				6E6382042292E63300B35F8D /* sounds */,
				6E5FBA5C227324350032CE19 /* Assets.xcassets */,
				6E5FBA562273206E0032CE19 /* fonts */,
				6E5FBA4922731FB90032CE19 /* LaunchScreen.storyboard */,
				6EED6F5B22A6ABFA0036E9CA /* Default-568h@2x.png */,
				6E5FBA4C22731FB90032CE19 /* Info.plist */,
			);
			path = "Supporting files";
			sourceTree = "<group>";
		};
/* End PBXGroup section */

/* Begin PBXNativeTarget section */
		6E5FBA3C22731FB80032CE19 /* Instagrid2 */ = {
			isa = PBXNativeTarget;
			buildConfigurationList = 6E5FBA4F22731FB90032CE19 /* Build configuration list for PBXNativeTarget "Instagrid2" */;
			buildPhases = (
				6E5FBA3922731FB80032CE19 /* Sources */,
				6E5FBA3A22731FB80032CE19 /* Frameworks */,
				6E5FBA3B22731FB80032CE19 /* Resources */,
			);
			buildRules = (
			);
			dependencies = (
			);
			name = Instagrid2;
			productName = Instagrid2;
			productReference = 6E5FBA3D22731FB80032CE19 /* Instagrid2.app */;
			productType = "com.apple.product-type.application";
		};
/* End PBXNativeTarget section */

/* Begin PBXProject section */
		6E5FBA3522731FB80032CE19 /* Project object */ = {
			isa = PBXProject;
			attributes = {
				LastSwiftUpdateCheck = 1020;
				LastUpgradeCheck = 1020;
				ORGANIZATIONNAME = Darrieumerlou;
				TargetAttributes = {
					6E5FBA3C22731FB80032CE19 = {
						CreatedOnToolsVersion = 10.2.1;
					};
				};
			};
			buildConfigurationList = 6E5FBA3822731FB80032CE19 /* Build configuration list for PBXProject "Instagrid2" */;
			compatibilityVersion = "Xcode 9.3";
			developmentRegion = en;
			hasScannedForEncodings = 0;
			knownRegions = (
				en,
				Base,
			);
			mainGroup = 6E5FBA3422731FB80032CE19;
			productRefGroup = 6E5FBA3E22731FB80032CE19 /* Products */;
			projectDirPath = "";
			projectRoot = "";
			targets = (
				6E5FBA3C22731FB80032CE19 /* Instagrid2 */,
			);
		};
/* End PBXProject section */

/* Begin PBXResourcesBuildPhase section */
		6E5FBA3B22731FB80032CE19 /* Resources */ = {
			isa = PBXResourcesBuildPhase;
			buildActionMask = 2147483647;
			files = (
				6E5FBA572273206E0032CE19 /* fonts in Resources */,
				6E5FBA4B22731FB90032CE19 /* LaunchScreen.storyboard in Resources */,
				6EB32824227C3E4D00F8396B /* Main.storyboard in Resources */,
				6E5FBA5D227324350032CE19 /* Assets.xcassets in Resources */,
				6E6382022292E60700B35F8D /* sf_souris_01.mp3 in Resources */,
				6EED6F5C22A6ABFA0036E9CA /* Default-568h@2x.png in Resources */,
			);
			runOnlyForDeploymentPostprocessing = 0;
		};
/* End PBXResourcesBuildPhase section */

/* Begin PBXSourcesBuildPhase section */
		6E5FBA3922731FB80032CE19 /* Sources */ = {
			isa = PBXSourcesBuildPhase;
			buildActionMask = 2147483647;
			files = (
				6E54ACE122ABF3C100CB8ED7 /* UIView+Extension.swift in Sources */,
				69DF5D3022B00FFB00575669 /* PlaySound.swift in Sources */,
				6E54ACE522ABF7ED00CB8ED7 /* InstagridImage.swift in Sources */,
				6EA176A522A5BBA000E301BB /* ContainerView.swift in Sources */,
				6E6382062292EC0F00B35F8D /* ViewController.swift in Sources */,
				69DF5D3422B01C7800575669 /* Layout.swift in Sources */,
				6EA176A922A5BDF700E301BB /* ImagePicker.swift in Sources */,
				6EA176A322A5BB8E00E301BB /* PhotoCount.swift in Sources */,
				6E5FBA4122731FB80032CE19 /* AppDelegate.swift in Sources */,
			);
			runOnlyForDeploymentPostprocessing = 0;
		};
/* End PBXSourcesBuildPhase section */

/* Begin PBXVariantGroup section */
		6E5FBA4922731FB90032CE19 /* LaunchScreen.storyboard */ = {
			isa = PBXVariantGroup;
			children = (
				6E5FBA4A22731FB90032CE19 /* Base */,
			);
			name = LaunchScreen.storyboard;
			sourceTree = "<group>";
		};
/* End PBXVariantGroup section */

/* Begin XCBuildConfiguration section */
		6E5FBA4D22731FB90032CE19 /* Debug */ = {
			isa = XCBuildConfiguration;
			buildSettings = {
				ALWAYS_SEARCH_USER_PATHS = NO;
				CLANG_ANALYZER_NONNULL = YES;
				CLANG_ANALYZER_NUMBER_OBJECT_CONVERSION = YES_AGGRESSIVE;
				CLANG_CXX_LANGUAGE_STANDARD = "gnu++14";
				CLANG_CXX_LIBRARY = "libc++";
				CLANG_ENABLE_MODULES = YES;
				CLANG_ENABLE_OBJC_ARC = YES;
				CLANG_ENABLE_OBJC_WEAK = YES;
				CLANG_WARN_BLOCK_CAPTURE_AUTORELEASING = YES;
				CLANG_WARN_BOOL_CONVERSION = YES;
				CLANG_WARN_COMMA = YES;
				CLANG_WARN_CONSTANT_CONVERSION = YES;
				CLANG_WARN_DEPRECATED_OBJC_IMPLEMENTATIONS = YES;
				CLANG_WARN_DIRECT_OBJC_ISA_USAGE = YES_ERROR;
				CLANG_WARN_DOCUMENTATION_COMMENTS = YES;
				CLANG_WARN_EMPTY_BODY = YES;
				CLANG_WARN_ENUM_CONVERSION = YES;
				CLANG_WARN_INFINITE_RECURSION = YES;
				CLANG_WARN_INT_CONVERSION = YES;
				CLANG_WARN_NON_LITERAL_NULL_CONVERSION = YES;
				CLANG_WARN_OBJC_IMPLICIT_RETAIN_SELF = YES;
				CLANG_WARN_OBJC_LITERAL_CONVERSION = YES;
				CLANG_WARN_OBJC_ROOT_CLASS = YES_ERROR;
				CLANG_WARN_RANGE_LOOP_ANALYSIS = YES;
				CLANG_WARN_STRICT_PROTOTYPES = YES;
				CLANG_WARN_SUSPICIOUS_MOVE = YES;
				CLANG_WARN_UNGUARDED_AVAILABILITY = YES_AGGRESSIVE;
				CLANG_WARN_UNREACHABLE_CODE = YES;
				CLANG_WARN__DUPLICATE_METHOD_MATCH = YES;
				CODE_SIGN_IDENTITY = "iPhone Developer";
				COPY_PHASE_STRIP = NO;
				DEBUG_INFORMATION_FORMAT = dwarf;
				ENABLE_STRICT_OBJC_MSGSEND = YES;
				ENABLE_TESTABILITY = YES;
				GCC_C_LANGUAGE_STANDARD = gnu11;
				GCC_DYNAMIC_NO_PIC = NO;
				GCC_NO_COMMON_BLOCKS = YES;
				GCC_OPTIMIZATION_LEVEL = 0;
				GCC_PREPROCESSOR_DEFINITIONS = (
					"DEBUG=1",
					"$(inherited)",
				);
				GCC_WARN_64_TO_32_BIT_CONVERSION = YES;
				GCC_WARN_ABOUT_RETURN_TYPE = YES_ERROR;
				GCC_WARN_UNDECLARED_SELECTOR = YES;
				GCC_WARN_UNINITIALIZED_AUTOS = YES_AGGRESSIVE;
				GCC_WARN_UNUSED_FUNCTION = YES;
				GCC_WARN_UNUSED_VARIABLE = YES;
				IPHONEOS_DEPLOYMENT_TARGET = 12.2;
				MTL_ENABLE_DEBUG_INFO = INCLUDE_SOURCE;
				MTL_FAST_MATH = YES;
				ONLY_ACTIVE_ARCH = YES;
				SDKROOT = iphoneos;
				SWIFT_ACTIVE_COMPILATION_CONDITIONS = DEBUG;
				SWIFT_OPTIMIZATION_LEVEL = "-Onone";
			};
			name = Debug;
		};
		6E5FBA4E22731FB90032CE19 /* Release */ = {
			isa = XCBuildConfiguration;
			buildSettings = {
				ALWAYS_SEARCH_USER_PATHS = NO;
				CLANG_ANALYZER_NONNULL = YES;
				CLANG_ANALYZER_NUMBER_OBJECT_CONVERSION = YES_AGGRESSIVE;
				CLANG_CXX_LANGUAGE_STANDARD = "gnu++14";
				CLANG_CXX_LIBRARY = "libc++";
				CLANG_ENABLE_MODULES = YES;
				CLANG_ENABLE_OBJC_ARC = YES;
				CLANG_ENABLE_OBJC_WEAK = YES;
				CLANG_WARN_BLOCK_CAPTURE_AUTORELEASING = YES;
				CLANG_WARN_BOOL_CONVERSION = YES;
				CLANG_WARN_COMMA = YES;
				CLANG_WARN_CONSTANT_CONVERSION = YES;
				CLANG_WARN_DEPRECATED_OBJC_IMPLEMENTATIONS = YES;
				CLANG_WARN_DIRECT_OBJC_ISA_USAGE = YES_ERROR;
				CLANG_WARN_DOCUMENTATION_COMMENTS = YES;
				CLANG_WARN_EMPTY_BODY = YES;
				CLANG_WARN_ENUM_CONVERSION = YES;
				CLANG_WARN_INFINITE_RECURSION = YES;
				CLANG_WARN_INT_CONVERSION = YES;
				CLANG_WARN_NON_LITERAL_NULL_CONVERSION = YES;
				CLANG_WARN_OBJC_IMPLICIT_RETAIN_SELF = YES;
				CLANG_WARN_OBJC_LITERAL_CONVERSION = YES;
				CLANG_WARN_OBJC_ROOT_CLASS = YES_ERROR;
				CLANG_WARN_RANGE_LOOP_ANALYSIS = YES;
				CLANG_WARN_STRICT_PROTOTYPES = YES;
				CLANG_WARN_SUSPICIOUS_MOVE = YES;
				CLANG_WARN_UNGUARDED_AVAILABILITY = YES_AGGRESSIVE;
				CLANG_WARN_UNREACHABLE_CODE = YES;
				CLANG_WARN__DUPLICATE_METHOD_MATCH = YES;
				CODE_SIGN_IDENTITY = "iPhone Developer";
				COPY_PHASE_STRIP = NO;
				DEBUG_INFORMATION_FORMAT = "dwarf-with-dsym";
				ENABLE_NS_ASSERTIONS = NO;
				ENABLE_STRICT_OBJC_MSGSEND = YES;
				GCC_C_LANGUAGE_STANDARD = gnu11;
				GCC_NO_COMMON_BLOCKS = YES;
				GCC_WARN_64_TO_32_BIT_CONVERSION = YES;
				GCC_WARN_ABOUT_RETURN_TYPE = YES_ERROR;
				GCC_WARN_UNDECLARED_SELECTOR = YES;
				GCC_WARN_UNINITIALIZED_AUTOS = YES_AGGRESSIVE;
				GCC_WARN_UNUSED_FUNCTION = YES;
				GCC_WARN_UNUSED_VARIABLE = YES;
				IPHONEOS_DEPLOYMENT_TARGET = 12.2;
				MTL_ENABLE_DEBUG_INFO = NO;
				MTL_FAST_MATH = YES;
				SDKROOT = iphoneos;
				SWIFT_COMPILATION_MODE = wholemodule;
				SWIFT_OPTIMIZATION_LEVEL = "-O";
				VALIDATE_PRODUCT = YES;
			};
			name = Release;
		};
		6E5FBA5022731FB90032CE19 /* Debug */ = {
			isa = XCBuildConfiguration;
			buildSettings = {
				ASSETCATALOG_COMPILER_APPICON_NAME = AppIcon;
				CODE_SIGN_STYLE = Automatic;
				DEVELOPMENT_TEAM = 6QDN94WAYA;
				INFOPLIST_FILE = "$(SRCROOT)/Instagrid2/Supporting files/Info.plist";
				LD_RUNPATH_SEARCH_PATHS = (
					"$(inherited)",
					"@executable_path/Frameworks",
				);
				PRODUCT_BUNDLE_IDENTIFIER = "fr.simon-darrieumerlou.Instagrid2";
				PRODUCT_NAME = "$(TARGET_NAME)";
				SWIFT_VERSION = 5.0;
				TARGETED_DEVICE_FAMILY = 1;
			};
			name = Debug;
		};
		6E5FBA5122731FB90032CE19 /* Release */ = {
			isa = XCBuildConfiguration;
			buildSettings = {
				ASSETCATALOG_COMPILER_APPICON_NAME = AppIcon;
				CODE_SIGN_STYLE = Automatic;
				DEVELOPMENT_TEAM = 6QDN94WAYA;
				INFOPLIST_FILE = "$(SRCROOT)/Instagrid2/Supporting files/Info.plist";
				LD_RUNPATH_SEARCH_PATHS = (
					"$(inherited)",
					"@executable_path/Frameworks",
				);
				PRODUCT_BUNDLE_IDENTIFIER = "fr.simon-darrieumerlou.Instagrid2";
				PRODUCT_NAME = "$(TARGET_NAME)";
				SWIFT_VERSION = 5.0;
				TARGETED_DEVICE_FAMILY = 1;
			};
			name = Release;
		};
/* End XCBuildConfiguration section */

/* Begin XCConfigurationList section */
		6E5FBA3822731FB80032CE19 /* Build configuration list for PBXProject "Instagrid2" */ = {
			isa = XCConfigurationList;
			buildConfigurations = (
				6E5FBA4D22731FB90032CE19 /* Debug */,
				6E5FBA4E22731FB90032CE19 /* Release */,
			);
			defaultConfigurationIsVisible = 0;
			defaultConfigurationName = Release;
		};
		6E5FBA4F22731FB90032CE19 /* Build configuration list for PBXNativeTarget "Instagrid2" */ = {
			isa = XCConfigurationList;
			buildConfigurations = (
				6E5FBA5022731FB90032CE19 /* Debug */,
				6E5FBA5122731FB90032CE19 /* Release */,
			);
			defaultConfigurationIsVisible = 0;
			defaultConfigurationName = Release;
		};
/* End XCConfigurationList section */
	};
	rootObject = 6E5FBA3522731FB80032CE19 /* Project object */;
}
